// !$*UTF8*$!
{
	archiveVersion = 1;
	classes = {
	};
	objectVersion = 56;
	objects = {

/* Begin PBXBuildFile section */
		A10000000000000000000001 /* Han1meViewerApp.swift in Sources */ = {isa = PBXBuildFile; fileRef = A20000000000000000000001 /* Han1meViewerApp.swift */; };
		A10000000000000000000002 /* AppRootView.swift in Sources */ = {isa = PBXBuildFile; fileRef = A20000000000000000000002 /* AppRootView.swift */; };
		A10000000000000000000003 /* AppTab.swift in Sources */ = {isa = PBXBuildFile; fileRef = A20000000000000000000003 /* AppTab.swift */; };
		A10000000000000000000004 /* HomeView.swift in Sources */ = {isa = PBXBuildFile; fileRef = A20000000000000000000004 /* HomeView.swift */; };
		A10000000000000000000005 /* SearchView.swift in Sources */ = {isa = PBXBuildFile; fileRef = A20000000000000000000005 /* SearchView.swift */; };
		A10000000000000000000006 /* FavoritesView.swift in Sources */ = {isa = PBXBuildFile; fileRef = A20000000000000000000006 /* FavoritesView.swift */; };
		A10000000000000000000007 /* HistoryView.swift in Sources */ = {isa = PBXBuildFile; fileRef = A20000000000000000000007 /* HistoryView.swift */; };
		A10000000000000000000008 /* SettingsView.swift in Sources */ = {isa = PBXBuildFile; fileRef = A20000000000000000000008 /* SettingsView.swift */; };
		A10000000000000000000009 /* VideoDetailView.swift in Sources */ = {isa = PBXBuildFile; fileRef = A20000000000000000000009 /* VideoDetailView.swift */; };
		A10000000000000000000010 /* PlayerView.swift in Sources */ = {isa = PBXBuildFile; fileRef = A20000000000000000000010 /* PlayerView.swift */; };
		A10000000000000000000011 /* DownloadView.swift in Sources */ = {isa = PBXBuildFile; fileRef = A20000000000000000000011 /* DownloadView.swift */; };
		A10000000000000000000012 /* Video.swift in Sources */ = {isa = PBXBuildFile; fileRef = A20000000000000000000012 /* Video.swift */; };
		A10000000000000000000013 /* AppState.swift in Sources */ = {isa = PBXBuildFile; fileRef = A20000000000000000000013 /* AppState.swift */; };
		A10000000000000000000014 /* HomeViewModel.swift in Sources */ = {isa = PBXBuildFile; fileRef = A20000000000000000000014 /* HomeViewModel.swift */; };
		A10000000000000000000015 /* NetworkClient.swift in Sources */ = {isa = PBXBuildFile; fileRef = A20000000000000000000015 /* NetworkClient.swift */; };
		A10000000000000000000016 /* HanimeService.swift in Sources */ = {isa = PBXBuildFile; fileRef = A20000000000000000000016 /* HanimeService.swift */; };
		A10000000000000000000017 /* DownloadManager.swift in Sources */ = {isa = PBXBuildFile; fileRef = A20000000000000000000017 /* DownloadManager.swift */; };
		A10000000000000000000018 /* PersistenceController.swift in Sources */ = {isa = PBXBuildFile; fileRef = A20000000000000000000018 /* PersistenceController.swift */; };
		A10000000000000000000019 /* README.md in Resources */ = {isa = PBXBuildFile; fileRef = A20000000000000000000019 /* README.md */; };
		A10000000000000000000020 /* EmptyStateView.swift in Sources */ = {isa = PBXBuildFile; fileRef = A20000000000000000000022 /* EmptyStateView.swift */; };
		A10000000000000000000021 /* Assets.xcassets in Resources */ = {isa = PBXBuildFile; fileRef = A20000000000000000000020 /* Assets.xcassets */; };
/* End PBXBuildFile section */

/* Begin PBXFileReference section */
		A20000000000000000000001 /* Han1meViewerApp.swift */ = {isa = PBXFileReference; lastKnownFileType = sourcecode.swift; path = Han1meViewerApp.swift; sourceTree = "<group>"; };
		A20000000000000000000002 /* AppRootView.swift */ = {isa = PBXFileReference; lastKnownFileType = sourcecode.swift; path = AppRootView.swift; sourceTree = "<group>"; };
		A20000000000000000000003 /* AppTab.swift */ = {isa = PBXFileReference; lastKnownFileType = sourcecode.swift; path = AppTab.swift; sourceTree = "<group>"; };
		A20000000000000000000004 /* HomeView.swift */ = {isa = PBXFileReference; lastKnownFileType = sourcecode.swift; path = HomeView.swift; sourceTree = "<group>"; };
		A20000000000000000000005 /* SearchView.swift */ = {isa = PBXFileReference; lastKnownFileType = sourcecode.swift; path = SearchView.swift; sourceTree = "<group>"; };
		A20000000000000000000006 /* FavoritesView.swift */ = {isa = PBXFileReference; lastKnownFileType = sourcecode.swift; path = FavoritesView.swift; sourceTree = "<group>"; };
		A20000000000000000000007 /* HistoryView.swift */ = {isa = PBXFileReference; lastKnownFileType = sourcecode.swift; path = HistoryView.swift; sourceTree = "<group>"; };
		A20000000000000000000008 /* SettingsView.swift */ = {isa = PBXFileReference; lastKnownFileType = sourcecode.swift; path = SettingsView.swift; sourceTree = "<group>"; };
		A20000000000000000000009 /* VideoDetailView.swift */ = {isa = PBXFileReference; lastKnownFileType = sourcecode.swift; path = VideoDetailView.swift; sourceTree = "<group>"; };
		A20000000000000000000010 /* PlayerView.swift */ = {isa = PBXFileReference; lastKnownFileType = sourcecode.swift; path = PlayerView.swift; sourceTree = "<group>"; };
		A20000000000000000000011 /* DownloadView.swift */ = {isa = PBXFileReference; lastKnownFileType = sourcecode.swift; path = DownloadView.swift; sourceTree = "<group>"; };
		A20000000000000000000012 /* Video.swift */ = {isa = PBXFileReference; lastKnownFileType = sourcecode.swift; path = Video.swift; sourceTree = "<group>"; };
		A20000000000000000000013 /* AppState.swift */ = {isa = PBXFileReference; lastKnownFileType = sourcecode.swift; path = AppState.swift; sourceTree = "<group>"; };
		A20000000000000000000014 /* HomeViewModel.swift */ = {isa = PBXFileReference; lastKnownFileType = sourcecode.swift; path = HomeViewModel.swift; sourceTree = "<group>"; };
		A20000000000000000000015 /* NetworkClient.swift */ = {isa = PBXFileReference; lastKnownFileType = sourcecode.swift; path = NetworkClient.swift; sourceTree = "<group>"; };
		A20000000000000000000016 /* HanimeService.swift */ = {isa = PBXFileReference; lastKnownFileType = sourcecode.swift; path = HanimeService.swift; sourceTree = "<group>"; };
		A20000000000000000000017 /* DownloadManager.swift */ = {isa = PBXFileReference; lastKnownFileType = sourcecode.swift; path = DownloadManager.swift; sourceTree = "<group>"; };
		A20000000000000000000018 /* PersistenceController.swift */ = {isa = PBXFileReference; lastKnownFileType = sourcecode.swift; path = PersistenceController.swift; sourceTree = "<group>"; };
		A20000000000000000000019 /* README.md */ = {isa = PBXFileReference; lastKnownFileType = text; path = README.md; sourceTree = "<group>"; };
		A20000000000000000000020 /* Assets.xcassets */ = {isa = PBXFileReference; lastKnownFileType = folder.assetcatalog; path = Assets.xcassets; sourceTree = "<group>"; };
		A20000000000000000000021 /* Han1meViewer-iOS.app */ = {isa = PBXFileReference; explicitFileType = wrapper.application; includeInIndex = 0; path = "Han1meViewer-iOS.app"; sourceTree = BUILT_PRODUCTS_DIR; };
		A20000000000000000000022 /* EmptyStateView.swift */ = {isa = PBXFileReference; lastKnownFileType = sourcecode.swift; path = EmptyStateView.swift; sourceTree = "<group>"; };
/* End PBXFileReference section */

/* Begin PBXFrameworksBuildPhase section */
		A30000000000000000000001 /* Frameworks */ = {isa = PBXFrameworksBuildPhase; buildActionMask = 2147483647; files = (); runOnlyForDeploymentPostprocessing = 0; };
/* End PBXFrameworksBuildPhase section */

/* Begin PBXGroup section */
		A40000000000000000000001 = {
			isa = PBXGroup;
			children = (
				A40000000000000000000002 /* Han1meViewer */,
				A40000000000000000000003 /* Products */,
				A20000000000000000000019 /* README.md */,
			);
			sourceTree = "<group>";
		};
		A40000000000000000000002 /* Han1meViewer */ = {
			isa = PBXGroup;
			children = (
				A40000000000000000000004 /* App */,
				A40000000000000000000005 /* Views */,
				A40000000000000000000006 /* Models */,
				A40000000000000000000007 /* ViewModels */,
				A40000000000000000000008 /* Network */,
				A40000000000000000000009 /* Services */,
				A40000000000000000000010 /* Storage */,
				A20000000000000000000020 /* Assets.xcassets */,
			);
			path = Han1meViewer;
			sourceTree = "<group>";
		};
		A40000000000000000000003 /* Products */ = {
			isa = PBXGroup;
			children = ( A20000000000000000000021 /* Han1meViewer-iOS.app */, );
			name = Products;
			sourceTree = "<group>";
		};
		A40000000000000000000004 /* App */ = { isa = PBXGroup; children = ( A20000000000000000000001, A20000000000000000000002, A20000000000000000000003 ); path = App; sourceTree = "<group>"; };
		A40000000000000000000005 /* Views */ = { isa = PBXGroup; children = ( A20000000000000000000022 /* EmptyStateView.swift */, A20000000000000000000004, A20000000000000000000005, A20000000000000000000006, A20000000000000000000007, A20000000000000000000008, A20000000000000000000009, A20000000000000000000010, A20000000000000000000011 ); path = Views; sourceTree = "<group>"; };
		A40000000000000000000006 /* Models */ = { isa = PBXGroup; children = ( A20000000000000000000012 ); path = Models; sourceTree = "<group>"; };
		A40000000000000000000007 /* ViewModels */ = { isa = PBXGroup; children = ( A20000000000000000000013, A20000000000000000000014 ); path = ViewModels; sourceTree = "<group>"; };
		A40000000000000000000008 /* Network */ = { isa = PBXGroup; children = ( A20000000000000000000015, A20000000000000000000016 ); path = Network; sourceTree = "<group>"; };
		A40000000000000000000009 /* Services */ = { isa = PBXGroup; children = ( A20000000000000000000017 ); path = Services; sourceTree = "<group>"; };
		A40000000000000000000010 /* Storage */ = { isa = PBXGroup; children = ( A20000000000000000000018 ); path = Storage; sourceTree = "<group>"; };
/* End PBXGroup section */

/* Begin PBXNativeTarget section */
		A50000000000000000000001 /* Han1meViewer-iOS */ = {
			isa = PBXNativeTarget;
			buildConfigurationList = A60000000000000000000002 /* Build configuration list for PBXNativeTarget "Han1meViewer-iOS" */;
			buildPhases = (
				A30000000000000000000002 /* Sources */,
				A30000000000000000000001 /* Frameworks */,
				A30000000000000000000003 /* Resources */,
			);
			dependencies = ();
			name = "Han1meViewer-iOS";
			productName = "Han1meViewer-iOS";
			productReference = A20000000000000000000021 /* Han1meViewer-iOS.app */;
			productType = "com.apple.product-type.application";
		};
/* End PBXNativeTarget section */

/* Begin PBXProject section */
		A70000000000000000000001 /* Project object */ = {
			isa = PBXProject;
			attributes = { LastUpgradeCheck = 2600; TargetAttributes = { A50000000000000000000001 = { CreatedOnToolsVersion = 26.0; }; }; };
			buildConfigurationList = A60000000000000000000001 /* Build configuration list for PBXProject "Han1meViewer-iOS" */;
			compatibilityVersion = "Xcode 16.0";
			developmentRegion = en;
			hasScannedForEncodings = 0;
			knownRegions = ( en, Base, );
			mainGroup = A40000000000000000000001;
			productRefGroup = A40000000000000000000003 /* Products */;
			projectDirPath = "";
			projectRoot = "";
			targets = ( A50000000000000000000001 /* Han1meViewer-iOS */, );
		};
/* End PBXProject section */

/* Begin PBXResourcesBuildPhase section */
		A30000000000000000000003 /* Resources */ = { isa = PBXResourcesBuildPhase; buildActionMask = 2147483647; files = ( A10000000000000000000019 /* README.md in Resources */, A10000000000000000000021 /* Assets.xcassets in Resources */, ); runOnlyForDeploymentPostprocessing = 0; };
/* End PBXResourcesBuildPhase section */

/* Begin PBXSourcesBuildPhase section */
		A30000000000000000000002 /* Sources */ = { isa = PBXSourcesBuildPhase; buildActionMask = 2147483647; files = (
			A10000000000000000000001, A10000000000000000000002, A10000000000000000000003,
			A10000000000000000000004, A10000000000000000000005, A10000000000000000000006,
			A10000000000000000000007, A10000000000000000000008, A10000000000000000000009,
			A10000000000000000000010, A10000000000000000000011, A10000000000000000000012,
			A10000000000000000000013, A10000000000000000000014, A10000000000000000000015,
			A10000000000000000000016, A10000000000000000000017, A10000000000000000000018, A10000000000000000000020,
		); runOnlyForDeploymentPostprocessing = 0; };
/* End PBXSourcesBuildPhase section */

/* Begin XCBuildConfiguration section */
		A80000000000000000000001 /* Debug */ = { isa = XCBuildConfiguration; buildSettings = { IPHONEOS_DEPLOYMENT_TARGET = 16.0; SWIFT_VERSION = 5.0; TARGETED_DEVICE_FAMILY = "1,2"; }; name = Debug; };
		A80000000000000000000002 /* Release */ = { isa = XCBuildConfiguration; buildSettings = { IPHONEOS_DEPLOYMENT_TARGET = 16.0; SWIFT_VERSION = 5.0; TARGETED_DEVICE_FAMILY = "1,2"; }; name = Release; };
		A80000000000000000000003 /* Debug target */ = { isa = XCBuildConfiguration; buildSettings = {
			SDKROOT = iphoneos;
			SUPPORTED_PLATFORMS = "iphoneos iphonesimulator";
			ASSETCATALOG_COMPILER_APPICON_NAME = AppIcon;
			ASSETCATALOG_COMPILER_GLOBAL_ACCENT_COLOR_NAME = AccentColor;
			CODE_SIGN_STYLE = Automatic;
			DEVELOPMENT_TEAM = "";
			GENERATE_INFOPLIST_FILE = YES;
			INFOPLIST_KEY_CFBundleDisplayName = "Han1meViewer iOS";
			INFOPLIST_KEY_LSApplicationCategoryType = "public.app-category.entertainment";
			INFOPLIST_KEY_NSCameraUsageDescription = "";
			INFOPLIST_KEY_UIApplicationSupportsIndirectInputEvents = YES;
			INFOPLIST_KEY_UILaunchScreen_Generation = YES;
			INFOPLIST_KEY_UIUserInterfaceStyle = Automatic;
			PRODUCT_BUNDLE_IDENTIFIER = "local.han1meviewer.ios";
			PRODUCT_NAME = "$(TARGET_NAME)";
			SWIFT_EMIT_LOC_STRINGS = YES;
			SWIFT_VERSION = 5.0;
			TARGETED_DEVICE_FAMILY = "1,2";
			IPHONEOS_DEPLOYMENT_TARGET = 16.0;
		}; name = Debug; };
		A80000000000000000000004 /* Release target */ = { isa = XCBuildConfiguration; buildSettings = {
			SDKROOT = iphoneos;
			SUPPORTED_PLATFORMS = "iphoneos iphonesimulator";
			ASSETCATALOG_COMPILER_APPICON_NAME = AppIcon;
			ASSETCATALOG_COMPILER_GLOBAL_ACCENT_COLOR_NAME = AccentColor;
			CODE_SIGN_STYLE = Automatic;
			DEVELOPMENT_TEAM = "";
			GENERATE_INFOPLIST_FILE = YES;
			INFOPLIST_KEY_CFBundleDisplayName = "Han1meViewer iOS";
			INFOPLIST_KEY_LSApplicationCategoryType = "public.app-category.entertainment";
			INFOPLIST_KEY_UIApplicationSupportsIndirectInputEvents = YES;
			INFOPLIST_KEY_UIUserInterfaceStyle = Automatic;
			PRODUCT_BUNDLE_IDENTIFIER = "local.han1meviewer.ios";
			PRODUCT_NAME = "$(TARGET_NAME)";
			SWIFT_EMIT_LOC_STRINGS = YES;
			SWIFT_VERSION = 5.0;
			TARGETED_DEVICE_FAMILY = "1,2";
			IPHONEOS_DEPLOYMENT_TARGET = 16.0;
		}; name = Release; };
/* End XCBuildConfiguration section */

/* Begin XCConfigurationList section */
		A60000000000000000000001 /* Build configuration list for PBXProject "Han1meViewer-iOS" */ = { isa = XCConfigurationList; buildConfigurations = ( A80000000000000000000001, A80000000000000000000002, ); defaultConfigurationIsVisible = 0; defaultConfigurationName = Release; };
		A60000000000000000000002 /* Build configuration list for PBXNativeTarget "Han1meViewer-iOS" */ = { isa = XCConfigurationList; buildConfigurations = ( A80000000000000000000003, A80000000000000000000004, ); defaultConfigurationIsVisible = 0; defaultConfigurationName = Release; };
/* End XCConfigurationList section */
	};
	rootObject = A70000000000000000000001 /* Project object */;
}
